// !$*UTF8*$!
{
	archiveVersion = 1;
	classes = {
	};
	objectVersion = 77;
	objects = {

/* Begin PBXBuildFile section */
		12F183828C8428BA2F11B79B /* StatsView.swift in Sources */ = {isa = PBXBuildFile; fileRef = 394CBE29F88856747544F507 /* StatsView.swift */; };
		34B157334892ED86E6B3BD77 /* BrowseView.swift in Sources */ = {isa = PBXBuildFile; fileRef = EF34AAA6DB303B369054AEC2 /* BrowseView.swift */; };
		4226F4E4044AEC2E24679A5E /* Assets.xcassets in Resources */ = {isa = PBXBuildFile; fileRef = CAB64DE3894D428F9EEEE60D /* Assets.xcassets */; };
		85DF7E567C528AF01F194B6D /* SettingsView.swift in Sources */ = {isa = PBXBuildFile; fileRef = D6CB14B8A2706241641503A7 /* SettingsView.swift */; };
		957D2DD56D2ABE90BB652B9B /* OnePieceTCGTests.swift in Sources */ = {isa = PBXBuildFile; fileRef = 052369A9DE63186ECC4C3156 /* OnePieceTCGTests.swift */; };
		9CF5A749AA0E82A4FE176CE8 /* OnePieceTCGApp.swift in Sources */ = {isa = PBXBuildFile; fileRef = A9EA92D50A56FD33142BD037 /* OnePieceTCGApp.swift */; };
		9ED5146BFD614358BDE88BE3 /* RootTabView.swift in Sources */ = {isa = PBXBuildFile; fileRef = F4CDECACEB1F56A56C800CD5 /* RootTabView.swift */; };
		F64F9B0E243534D2684A1262 /* CollectionView.swift in Sources */ = {isa = PBXBuildFile; fileRef = 5BFA912B7C0E38A18D14B83E /* CollectionView.swift */; };
		4772B2EFD6E6B712A49EBCC0 /* CardCondition.swift in Sources */ = {isa = PBXBuildFile; fileRef = 26EFC41A8578239FCEB46DB3 /* CardCondition.swift */; };
		F3F4C1A353EA8DC62FA0F268 /* Card.swift in Sources */ = {isa = PBXBuildFile; fileRef = 018C1D15AA55BB5D4D6BE768 /* Card.swift */; };
		B93E812DCA97F38D3F6637BB /* CardSet.swift in Sources */ = {isa = PBXBuildFile; fileRef = D575E8D045B88D74859E055C /* CardSet.swift */; };
		5941AE0E1BF479F2CDBF7A45 /* OwnedCard.swift in Sources */ = {isa = PBXBuildFile; fileRef = 98BFDE82B3A5B97C2D93E607 /* OwnedCard.swift */; };
		BF708167893B55C838237039 /* PersistenceController.swift in Sources */ = {isa = PBXBuildFile; fileRef = 11F3896785CE3DB1177CD4D1 /* PersistenceController.swift */; };
		7FF67849549DEE6D8CFE0B9A /* CardRepository.swift in Sources */ = {isa = PBXBuildFile; fileRef = F3BD5E5B427B573D66E9C32E /* CardRepository.swift */; };
		33489B3BABD0B039D4536FBB /* CardRepositoryTests.swift in Sources */ = {isa = PBXBuildFile; fileRef = 9A070D51392BCEA657AB8DC6 /* CardRepositoryTests.swift */; };
		B7AF88CDE32A463891F368DE /* CatalogLoader.swift in Sources */ = {isa = PBXBuildFile; fileRef = ADD6F68EC9D64905AB4A1F76 /* CatalogLoader.swift */; };
		506F73FB8A914276A1FB88B7 /* OP01.json in Resources */ = {isa = PBXBuildFile; fileRef = 4D7CA59F3A884FC8A6331C0E /* OP01.json */; };
		41567F52D9B94B3A9BE6FFB0 /* CatalogLoaderTests.swift in Sources */ = {isa = PBXBuildFile; fileRef = 67C67300142D464D86EC004F /* CatalogLoaderTests.swift */; };
/* End PBXBuildFile section */

/* Begin PBXContainerItemProxy section */
		2F4C67123411960BB4C12E2A /* PBXContainerItemProxy */ = {
			isa = PBXContainerItemProxy;
			containerPortal = 59A21334C37237A1C60B9F61 /* Project object */;
			proxyType = 1;
			remoteGlobalIDString = 432227EF4DCA7F977F2BD99E;
			remoteInfo = OnePieceTCG;
		};
/* End PBXContainerItemProxy section */

/* Begin PBXFileReference section */
		052369A9DE63186ECC4C3156 /* OnePieceTCGTests.swift */ = {isa = PBXFileReference; lastKnownFileType = sourcecode.swift; path = OnePieceTCGTests.swift; sourceTree = "<group>"; };
		2D2515A7FBF633497E393967 /* OnePieceTCG.app */ = {isa = PBXFileReference; includeInIndex = 0; lastKnownFileType = wrapper.application; path = OnePieceTCG.app; sourceTree = BUILT_PRODUCTS_DIR; };
		394CBE29F88856747544F507 /* StatsView.swift */ = {isa = PBXFileReference; lastKnownFileType = sourcecode.swift; path = StatsView.swift; sourceTree = "<group>"; };
		5BFA912B7C0E38A18D14B83E /* CollectionView.swift */ = {isa = PBXFileReference; lastKnownFileType = sourcecode.swift; path = CollectionView.swift; sourceTree = "<group>"; };
		A9EA92D50A56FD33142BD037 /* OnePieceTCGApp.swift */ = {isa = PBXFileReference; lastKnownFileType = sourcecode.swift; path = OnePieceTCGApp.swift; sourceTree = "<group>"; };
		CAB64DE3894D428F9EEEE60D /* Assets.xcassets */ = {isa = PBXFileReference; lastKnownFileType = folder.assetcatalog; path = Assets.xcassets; sourceTree = "<group>"; };
		D4DB5A54888D4094B82D63DC /* OnePieceTCGTests.xctest */ = {isa = PBXFileReference; includeInIndex = 0; lastKnownFileType = wrapper.cfbundle; path = OnePieceTCGTests.xctest; sourceTree = BUILT_PRODUCTS_DIR; };
		D6CB14B8A2706241641503A7 /* SettingsView.swift */ = {isa = PBXFileReference; lastKnownFileType = sourcecode.swift; path = SettingsView.swift; sourceTree = "<group>"; };
		EF34AAA6DB303B369054AEC2 /* BrowseView.swift */ = {isa = PBXFileReference; lastKnownFileType = sourcecode.swift; path = BrowseView.swift; sourceTree = "<group>"; };
		F4CDECACEB1F56A56C800CD5 /* RootTabView.swift */ = {isa = PBXFileReference; lastKnownFileType = sourcecode.swift; path = RootTabView.swift; sourceTree = "<group>"; };
		26EFC41A8578239FCEB46DB3 /* CardCondition.swift */ = {isa = PBXFileReference; lastKnownFileType = sourcecode.swift; path = CardCondition.swift; sourceTree = "<group>"; };
		018C1D15AA55BB5D4D6BE768 /* Card.swift */ = {isa = PBXFileReference; lastKnownFileType = sourcecode.swift; path = Card.swift; sourceTree = "<group>"; };
		D575E8D045B88D74859E055C /* CardSet.swift */ = {isa = PBXFileReference; lastKnownFileType = sourcecode.swift; path = CardSet.swift; sourceTree = "<group>"; };
		98BFDE82B3A5B97C2D93E607 /* OwnedCard.swift */ = {isa = PBXFileReference; lastKnownFileType = sourcecode.swift; path = OwnedCard.swift; sourceTree = "<group>"; };
		11F3896785CE3DB1177CD4D1 /* PersistenceController.swift */ = {isa = PBXFileReference; lastKnownFileType = sourcecode.swift; path = PersistenceController.swift; sourceTree = "<group>"; };
		F3BD5E5B427B573D66E9C32E /* CardRepository.swift */ = {isa = PBXFileReference; lastKnownFileType = sourcecode.swift; path = CardRepository.swift; sourceTree = "<group>"; };
		9A070D51392BCEA657AB8DC6 /* CardRepositoryTests.swift */ = {isa = PBXFileReference; lastKnownFileType = sourcecode.swift; path = CardRepositoryTests.swift; sourceTree = "<group>"; };
		ADD6F68EC9D64905AB4A1F76 /* CatalogLoader.swift */ = {isa = PBXFileReference; lastKnownFileType = sourcecode.swift; path = CatalogLoader.swift; sourceTree = "<group>"; };
		4D7CA59F3A884FC8A6331C0E /* OP01.json */ = {isa = PBXFileReference; lastKnownFileType = text.json; path = OP01.json; sourceTree = "<group>"; };
		67C67300142D464D86EC004F /* CatalogLoaderTests.swift */ = {isa = PBXFileReference; lastKnownFileType = sourcecode.swift; path = CatalogLoaderTests.swift; sourceTree = "<group>"; };
/* End PBXFileReference section */

/* Begin PBXGroup section */
		105EE2CA5D3673F8A3FBA494 /* App */ = {
			isa = PBXGroup;
			children = (
				A9EA92D50A56FD33142BD037 /* OnePieceTCGApp.swift */,
			);
			path = App;
			sourceTree = "<group>";
		};
		7D255C807E2EED808270ABC9 /* Views */ = {
			isa = PBXGroup;
			children = (
				EF34AAA6DB303B369054AEC2 /* BrowseView.swift */,
				5BFA912B7C0E38A18D14B83E /* CollectionView.swift */,
				F4CDECACEB1F56A56C800CD5 /* RootTabView.swift */,
				D6CB14B8A2706241641503A7 /* SettingsView.swift */,
				394CBE29F88856747544F507 /* StatsView.swift */,
			);
			path = Views;
			sourceTree = "<group>";
		};
		58B4D179357288ECC2F56568 /* Models */ = {
			isa = PBXGroup;
			children = (
				018C1D15AA55BB5D4D6BE768 /* Card.swift */,
				D575E8D045B88D74859E055C /* CardSet.swift */,
				26EFC41A8578239FCEB46DB3 /* CardCondition.swift */,
				98BFDE82B3A5B97C2D93E607 /* OwnedCard.swift */,
			);
			path = Models;
			sourceTree = "<group>";
		};
		5CC7E8197A0D04EFC58ACB89 /* Persistence */ = {
			isa = PBXGroup;
			children = (
				11F3896785CE3DB1177CD4D1 /* PersistenceController.swift */,
				F3BD5E5B427B573D66E9C32E /* CardRepository.swift */,
			);
			path = Persistence;
			sourceTree = "<group>";
		};
		E0D944D5C0434E34A18B4AA5 /* Catalog */ = {
			isa = PBXGroup;
			children = (
				ADD6F68EC9D64905AB4A1F76 /* CatalogLoader.swift */,
				4D7CA59F3A884FC8A6331C0E /* OP01.json */,
			);
			path = Catalog;
			sourceTree = "<group>";
		};
		82D6550C8CA0E0B64A35ED3E = {
			isa = PBXGroup;
			children = (
				961D6AA6D08AB6A4A5E2E9B5 /* OnePieceTCG */,
				BA207FD318B73AEA6844C1CD /* OnePieceTCGTests */,
				EB9BDB8711EFD3C762CB9020 /* Products */,
			);
			sourceTree = "<group>";
		};
		961D6AA6D08AB6A4A5E2E9B5 /* OnePieceTCG */ = {
			isa = PBXGroup;
			children = (
				CAB64DE3894D428F9EEEE60D /* Assets.xcassets */,
				105EE2CA5D3673F8A3FBA494 /* App */,
				7D255C807E2EED808270ABC9 /* Views */,
				58B4D179357288ECC2F56568 /* Models */,
				5CC7E8197A0D04EFC58ACB89 /* Persistence */,
				E0D944D5C0434E34A18B4AA5 /* Catalog */,
			);
			path = OnePieceTCG;
			sourceTree = "<group>";
		};
		BA207FD318B73AEA6844C1CD /* OnePieceTCGTests */ = {
			isa = PBXGroup;
			children = (
				052369A9DE63186ECC4C3156 /* OnePieceTCGTests.swift */,
				9A070D51392BCEA657AB8DC6 /* CardRepositoryTests.swift */,
				67C67300142D464D86EC004F /* CatalogLoaderTests.swift */,
			);
			path = OnePieceTCGTests;
			sourceTree = "<group>";
		};
		EB9BDB8711EFD3C762CB9020 /* Products */ = {
			isa = PBXGroup;
			children = (
				2D2515A7FBF633497E393967 /* OnePieceTCG.app */,
				D4DB5A54888D4094B82D63DC /* OnePieceTCGTests.xctest */,
			);
			name = Products;
			sourceTree = "<group>";
		};
/* End PBXGroup section */

/* Begin PBXNativeTarget section */
		2E3A91958D00618C6F055926 /* OnePieceTCGTests */ = {
			isa = PBXNativeTarget;
			buildConfigurationList = 7C0D14D4B4A01226640302A0 /* Build configuration list for PBXNativeTarget "OnePieceTCGTests" */;
			buildPhases = (
				3FA7F181C6EE42A2717E6C36 /* Sources */,
			);
			buildRules = (
			);
			dependencies = (
				4DA20A59C98F0C0B949EF449 /* PBXTargetDependency */,
			);
			name = OnePieceTCGTests;
			packageProductDependencies = (
			);
			productName = OnePieceTCGTests;
			productReference = D4DB5A54888D4094B82D63DC /* OnePieceTCGTests.xctest */;
			productType = "com.apple.product-type.bundle.unit-test";
		};
		432227EF4DCA7F977F2BD99E /* OnePieceTCG */ = {
			isa = PBXNativeTarget;
			buildConfigurationList = 4BA05CD7270C7E88D765A799 /* Build configuration list for PBXNativeTarget "OnePieceTCG" */;
			buildPhases = (
				A849C354C7C7374971CF1890 /* Sources */,
				ABD64D2795506CD74630F3FE /* Resources */,
			);
			buildRules = (
			);
			dependencies = (
			);
			name = OnePieceTCG;
			packageProductDependencies = (
			);
			productName = OnePieceTCG;
			productReference = 2D2515A7FBF633497E393967 /* OnePieceTCG.app */;
			productType = "com.apple.product-type.application";
		};
/* End PBXNativeTarget section */

/* Begin PBXProject section */
		59A21334C37237A1C60B9F61 /* Project object */ = {
			isa = PBXProject;
			attributes = {
				BuildIndependentTargetsInParallel = YES;
				LastUpgradeCheck = 1430;
				TargetAttributes = {
					432227EF4DCA7F977F2BD99E = {
						ProvisioningStyle = Automatic;
					};
				};
			};
			buildConfigurationList = BB69E386C65AA0A3CA520B24 /* Build configuration list for PBXProject "OnePieceTCG" */;
			developmentRegion = en;
			hasScannedForEncodings = 0;
			knownRegions = (
				Base,
				en,
			);
			mainGroup = 82D6550C8CA0E0B64A35ED3E;
			minimizedProjectReferenceProxies = 1;
			preferredProjectObjectVersion = 77;
			productRefGroup = EB9BDB8711EFD3C762CB9020 /* Products */;
			projectDirPath = "";
			projectRoot = "";
			targets = (
				432227EF4DCA7F977F2BD99E /* OnePieceTCG */,
				2E3A91958D00618C6F055926 /* OnePieceTCGTests */,
			);
		};
/* End PBXProject section */

/* Begin PBXResourcesBuildPhase section */
		ABD64D2795506CD74630F3FE /* Resources */ = {
			isa = PBXResourcesBuildPhase;
			buildActionMask = 2147483647;
			files = (
				4226F4E4044AEC2E24679A5E /* Assets.xcassets in Resources */,
				506F73FB8A914276A1FB88B7 /* OP01.json in Resources */,
			);
			runOnlyForDeploymentPostprocessing = 0;
		};
/* End PBXResourcesBuildPhase section */

/* Begin PBXSourcesBuildPhase section */
		3FA7F181C6EE42A2717E6C36 /* Sources */ = {
			isa = PBXSourcesBuildPhase;
			buildActionMask = 2147483647;
			files = (
				957D2DD56D2ABE90BB652B9B /* OnePieceTCGTests.swift in Sources */,
				33489B3BABD0B039D4536FBB /* CardRepositoryTests.swift in Sources */,
				41567F52D9B94B3A9BE6FFB0 /* CatalogLoaderTests.swift in Sources */,
			);
			runOnlyForDeploymentPostprocessing = 0;
		};
		A849C354C7C7374971CF1890 /* Sources */ = {
			isa = PBXSourcesBuildPhase;
			buildActionMask = 2147483647;
			files = (
				34B157334892ED86E6B3BD77 /* BrowseView.swift in Sources */,
				F64F9B0E243534D2684A1262 /* CollectionView.swift in Sources */,
				9CF5A749AA0E82A4FE176CE8 /* OnePieceTCGApp.swift in Sources */,
				9ED5146BFD614358BDE88BE3 /* RootTabView.swift in Sources */,
				85DF7E567C528AF01F194B6D /* SettingsView.swift in Sources */,
				12F183828C8428BA2F11B79B /* StatsView.swift in Sources */,
				4772B2EFD6E6B712A49EBCC0 /* CardCondition.swift in Sources */,
				F3F4C1A353EA8DC62FA0F268 /* Card.swift in Sources */,
				B93E812DCA97F38D3F6637BB /* CardSet.swift in Sources */,
				5941AE0E1BF479F2CDBF7A45 /* OwnedCard.swift in Sources */,
				BF708167893B55C838237039 /* PersistenceController.swift in Sources */,
				7FF67849549DEE6D8CFE0B9A /* CardRepository.swift in Sources */,
				B7AF88CDE32A463891F368DE /* CatalogLoader.swift in Sources */,
			);
			runOnlyForDeploymentPostprocessing = 0;
		};
/* End PBXSourcesBuildPhase section */

/* Begin PBXTargetDependency section */
		4DA20A59C98F0C0B949EF449 /* PBXTargetDependency */ = {
			isa = PBXTargetDependency;
			target = 432227EF4DCA7F977F2BD99E /* OnePieceTCG */;
			targetProxy = 2F4C67123411960BB4C12E2A /* PBXContainerItemProxy */;
		};
/* End PBXTargetDependency section */

/* Begin XCBuildConfiguration section */
		1034BFAC8D304D37441EC4E7 /* Debug */ = {
			isa = XCBuildConfiguration;
			buildSettings = {
				BUNDLE_LOADER = "$(TEST_HOST)";
				GENERATE_INFOPLIST_FILE = YES;
				IPHONEOS_DEPLOYMENT_TARGET = 17.0;
				LD_RUNPATH_SEARCH_PATHS = (
					"$(inherited)",
					"@executable_path/Frameworks",
					"@loader_path/Frameworks",
				);
				PRODUCT_BUNDLE_IDENTIFIER = com.chezley.onepiecetcg.tests;
				SDKROOT = iphoneos;
				SWIFT_VERSION = 5.0;
				TARGETED_DEVICE_FAMILY = "1,2";
				TEST_HOST = "$(BUILT_PRODUCTS_DIR)/OnePieceTCG.app/OnePieceTCG";
			};
			name = Debug;
		};
		22349BDEBA9F01AFB085D18A /* Release */ = {
			isa = XCBuildConfiguration;
			buildSettings = {
				ALWAYS_SEARCH_USER_PATHS = NO;
				CLANG_ANALYZER_NONNULL = YES;
				CLANG_ANALYZER_NUMBER_OBJECT_CONVERSION = YES_AGGRESSIVE;
				CLANG_CXX_LANGUAGE_STANDARD = "gnu++14";
				CLANG_CXX_LIBRARY = "libc++";
				CLANG_ENABLE_MODULES = YES;
				CLANG_ENABLE_OBJC_ARC = YES;
				CLANG_ENABLE_OBJC_WEAK = YES;
				CLANG_WARN_BLOCK_CAPTURE_AUTORELEASING = YES;
				CLANG_WARN_BOOL_CONVERSION = YES;
				CLANG_WARN_COMMA = YES;
				CLANG_WARN_CONSTANT_CONVERSION = YES;
				CLANG_WARN_DEPRECATED_OBJC_IMPLEMENTATIONS = YES;
				CLANG_WARN_DIRECT_OBJC_ISA_USAGE = YES_ERROR;
				CLANG_WARN_DOCUMENTATION_COMMENTS = YES;
				CLANG_WARN_EMPTY_BODY = YES;
				CLANG_WARN_ENUM_CONVERSION = YES;
				CLANG_WARN_INFINITE_RECURSION = YES;
				CLANG_WARN_INT_CONVERSION = YES;
				CLANG_WARN_NON_LITERAL_NULL_CONVERSION = YES;
				CLANG_WARN_OBJC_IMPLICIT_RETAIN_SELF = YES;
				CLANG_WARN_OBJC_LITERAL_CONVERSION = YES;
				CLANG_WARN_OBJC_ROOT_CLASS = YES_ERROR;
				CLANG_WARN_QUOTED_INCLUDE_IN_FRAMEWORK_HEADER = YES;
				CLANG_WARN_RANGE_LOOP_ANALYSIS = YES;
				CLANG_WARN_STRICT_PROTOTYPES = YES;
				CLANG_WARN_SUSPICIOUS_MOVE = YES;
				CLANG_WARN_UNGUARDED_AVAILABILITY = YES_AGGRESSIVE;
				CLANG_WARN_UNREACHABLE_CODE = YES;
				CLANG_WARN__DUPLICATE_METHOD_MATCH = YES;
				COPY_PHASE_STRIP = NO;
				DEBUG_INFORMATION_FORMAT = "dwarf-with-dsym";
				ENABLE_NS_ASSERTIONS = NO;
				ENABLE_STRICT_OBJC_MSGSEND = YES;
				GCC_C_LANGUAGE_STANDARD = gnu11;
				GCC_NO_COMMON_BLOCKS = YES;
				GCC_WARN_64_TO_32_BIT_CONVERSION = YES;
				GCC_WARN_ABOUT_RETURN_TYPE = YES_ERROR;
				GCC_WARN_UNDECLARED_SELECTOR = YES;
				GCC_WARN_UNINITIALIZED_AUTOS = YES_AGGRESSIVE;
				GCC_WARN_UNUSED_FUNCTION = YES;
				GCC_WARN_UNUSED_VARIABLE = YES;
				IPHONEOS_DEPLOYMENT_TARGET = 17.0;
				MTL_ENABLE_DEBUG_INFO = NO;
				MTL_FAST_MATH = YES;
				PRODUCT_NAME = "$(TARGET_NAME)";
				SDKROOT = iphoneos;
				SWIFT_COMPILATION_MODE = wholemodule;
				SWIFT_OPTIMIZATION_LEVEL = "-O";
				SWIFT_VERSION = 5.0;
			};
			name = Release;
		};
		2CF2EDFAF650A3437F4C015F /* Release */ = {
			isa = XCBuildConfiguration;
			buildSettings = {
				BUNDLE_LOADER = "$(TEST_HOST)";
				GENERATE_INFOPLIST_FILE = YES;
				IPHONEOS_DEPLOYMENT_TARGET = 17.0;
				LD_RUNPATH_SEARCH_PATHS = (
					"$(inherited)",
					"@executable_path/Frameworks",
					"@loader_path/Frameworks",
				);
				PRODUCT_BUNDLE_IDENTIFIER = com.chezley.onepiecetcg.tests;
				SDKROOT = iphoneos;
				SWIFT_VERSION = 5.0;
				TARGETED_DEVICE_FAMILY = "1,2";
				TEST_HOST = "$(BUILT_PRODUCTS_DIR)/OnePieceTCG.app/OnePieceTCG";
			};
			name = Release;
		};
		4533FDCBABDD9AE74906C320 /* Release */ = {
			isa = XCBuildConfiguration;
			buildSettings = {
				ASSETCATALOG_COMPILER_APPICON_NAME = AppIcon;
				ASSETCATALOG_COMPILER_GLOBAL_ACCENT_COLOR_NAME = AccentColor;
				CODE_SIGN_IDENTITY = "iPhone Developer";
				CODE_SIGN_STYLE = Automatic;
				ENABLE_PREVIEWS = YES;
				GENERATE_INFOPLIST_FILE = YES;
				INFOPLIST_KEY_CFBundleDisplayName = "One Piece TCG";
				INFOPLIST_KEY_UIApplicationSceneManifest_Generation = YES;
				INFOPLIST_KEY_UIApplicationSupportsIndirectInputEvents = YES;
				INFOPLIST_KEY_UILaunchScreen_Generation = YES;
				INFOPLIST_KEY_UISupportedInterfaceOrientations = UIInterfaceOrientationPortrait;
				"INFOPLIST_KEY_UISupportedInterfaceOrientations~ipad" = (
					UIInterfaceOrientationPortrait,
					UIInterfaceOrientationPortraitUpsideDown,
					UIInterfaceOrientationLandscapeLeft,
					UIInterfaceOrientationLandscapeRight,
				);
				IPHONEOS_DEPLOYMENT_TARGET = 17.0;
				LD_RUNPATH_SEARCH_PATHS = (
					"$(inherited)",
					"@executable_path/Frameworks",
				);
				PRODUCT_BUNDLE_IDENTIFIER = com.chezley.onepiecetcg;
				PRODUCT_NAME = OnePieceTCG;
				SDKROOT = iphoneos;
				SWIFT_EMIT_LOC_STRINGS = YES;
				SWIFT_VERSION = 5.0;
				TARGETED_DEVICE_FAMILY = "1,2";
			};
			name = Release;
		};
		768763ED716F35671236C380 /* Debug */ = {
			isa = XCBuildConfiguration;
			buildSettings = {
				ASSETCATALOG_COMPILER_APPICON_NAME = AppIcon;
				ASSETCATALOG_COMPILER_GLOBAL_ACCENT_COLOR_NAME = AccentColor;
				CODE_SIGN_IDENTITY = "iPhone Developer";
				CODE_SIGN_STYLE = Automatic;
				ENABLE_PREVIEWS = YES;
				GENERATE_INFOPLIST_FILE = YES;
				INFOPLIST_KEY_CFBundleDisplayName = "One Piece TCG";
				INFOPLIST_KEY_UIApplicationSceneManifest_Generation = YES;
				INFOPLIST_KEY_UIApplicationSupportsIndirectInputEvents = YES;
				INFOPLIST_KEY_UILaunchScreen_Generation = YES;
				INFOPLIST_KEY_UISupportedInterfaceOrientations = UIInterfaceOrientationPortrait;
				"INFOPLIST_KEY_UISupportedInterfaceOrientations~ipad" = (
					UIInterfaceOrientationPortrait,
					UIInterfaceOrientationPortraitUpsideDown,
					UIInterfaceOrientationLandscapeLeft,
					UIInterfaceOrientationLandscapeRight,
				);
				IPHONEOS_DEPLOYMENT_TARGET = 17.0;
				LD_RUNPATH_SEARCH_PATHS = (
					"$(inherited)",
					"@executable_path/Frameworks",
				);
				PRODUCT_BUNDLE_IDENTIFIER = com.chezley.onepiecetcg;
				PRODUCT_NAME = OnePieceTCG;
				SDKROOT = iphoneos;
				SWIFT_EMIT_LOC_STRINGS = YES;
				SWIFT_VERSION = 5.0;
				TARGETED_DEVICE_FAMILY = "1,2";
			};
			name = Debug;
		};
		E7B5277281938956EDC43AF4 /* Debug */ = {
			isa = XCBuildConfiguration;
			buildSettings = {
				ALWAYS_SEARCH_USER_PATHS = NO;
				CLANG_ANALYZER_NONNULL = YES;
				CLANG_ANALYZER_NUMBER_OBJECT_CONVERSION = YES_AGGRESSIVE;
				CLANG_CXX_LANGUAGE_STANDARD = "gnu++14";
				CLANG_CXX_LIBRARY = "libc++";
				CLANG_ENABLE_MODULES = YES;
				CLANG_ENABLE_OBJC_ARC = YES;
				CLANG_ENABLE_OBJC_WEAK = YES;
				CLANG_WARN_BLOCK_CAPTURE_AUTORELEASING = YES;
				CLANG_WARN_BOOL_CONVERSION = YES;
				CLANG_WARN_COMMA = YES;
				CLANG_WARN_CONSTANT_CONVERSION = YES;
				CLANG_WARN_DEPRECATED_OBJC_IMPLEMENTATIONS = YES;
				CLANG_WARN_DIRECT_OBJC_ISA_USAGE = YES_ERROR;
				CLANG_WARN_DOCUMENTATION_COMMENTS = YES;
				CLANG_WARN_EMPTY_BODY = YES;
				CLANG_WARN_ENUM_CONVERSION = YES;
				CLANG_WARN_INFINITE_RECURSION = YES;
				CLANG_WARN_INT_CONVERSION = YES;
				CLANG_WARN_NON_LITERAL_NULL_CONVERSION = YES;
				CLANG_WARN_OBJC_IMPLICIT_RETAIN_SELF = YES;
				CLANG_WARN_OBJC_LITERAL_CONVERSION = YES;
				CLANG_WARN_OBJC_ROOT_CLASS = YES_ERROR;
				CLANG_WARN_QUOTED_INCLUDE_IN_FRAMEWORK_HEADER = YES;
				CLANG_WARN_RANGE_LOOP_ANALYSIS = YES;
				CLANG_WARN_STRICT_PROTOTYPES = YES;
				CLANG_WARN_SUSPICIOUS_MOVE = YES;
				CLANG_WARN_UNGUARDED_AVAILABILITY = YES_AGGRESSIVE;
				CLANG_WARN_UNREACHABLE_CODE = YES;
				CLANG_WARN__DUPLICATE_METHOD_MATCH = YES;
				COPY_PHASE_STRIP = NO;
				DEBUG_INFORMATION_FORMAT = dwarf;
				ENABLE_STRICT_OBJC_MSGSEND = YES;
				ENABLE_TESTABILITY = YES;
				GCC_C_LANGUAGE_STANDARD = gnu11;
				GCC_DYNAMIC_NO_PIC = NO;
				GCC_NO_COMMON_BLOCKS = YES;
				GCC_OPTIMIZATION_LEVEL = 0;
				GCC_PREPROCESSOR_DEFINITIONS = (
					"$(inherited)",
					"DEBUG=1",
				);
				GCC_WARN_64_TO_32_BIT_CONVERSION = YES;
				GCC_WARN_ABOUT_RETURN_TYPE = YES_ERROR;
				GCC_WARN_UNDECLARED_SELECTOR = YES;
				GCC_WARN_UNINITIALIZED_AUTOS = YES_AGGRESSIVE;
				GCC_WARN_UNUSED_FUNCTION = YES;
				GCC_WARN_UNUSED_VARIABLE = YES;
				IPHONEOS_DEPLOYMENT_TARGET = 17.0;
				MTL_ENABLE_DEBUG_INFO = INCLUDE_SOURCE;
				MTL_FAST_MATH = YES;
				ONLY_ACTIVE_ARCH = YES;
				PRODUCT_NAME = "$(TARGET_NAME)";
				SDKROOT = iphoneos;
				SWIFT_ACTIVE_COMPILATION_CONDITIONS = DEBUG;
				SWIFT_OPTIMIZATION_LEVEL = "-Onone";
				SWIFT_VERSION = 5.0;
			};
			name = Debug;
		};
/* End XCBuildConfiguration section */

/* Begin XCConfigurationList section */
		4BA05CD7270C7E88D765A799 /* Build configuration list for PBXNativeTarget "OnePieceTCG" */ = {
			isa = XCConfigurationList;
			buildConfigurations = (
				768763ED716F35671236C380 /* Debug */,
				4533FDCBABDD9AE74906C320 /* Release */,
			);
			defaultConfigurationIsVisible = 0;
			defaultConfigurationName = Debug;
		};
		7C0D14D4B4A01226640302A0 /* Build configuration list for PBXNativeTarget "OnePieceTCGTests" */ = {
			isa = XCConfigurationList;
			buildConfigurations = (
				1034BFAC8D304D37441EC4E7 /* Debug */,
				2CF2EDFAF650A3437F4C015F /* Release */,
			);
			defaultConfigurationIsVisible = 0;
			defaultConfigurationName = Debug;
		};
		BB69E386C65AA0A3CA520B24 /* Build configuration list for PBXProject "OnePieceTCG" */ = {
			isa = XCConfigurationList;
			buildConfigurations = (
				E7B5277281938956EDC43AF4 /* Debug */,
				22349BDEBA9F01AFB085D18A /* Release */,
			);
			defaultConfigurationIsVisible = 0;
			defaultConfigurationName = Debug;
		};
/* End XCConfigurationList section */
	};
	rootObject = 59A21334C37237A1C60B9F61 /* Project object */;
}
